
Microsoft Visual Studio Solution File, Format Version 12.00
# Visual Studio Version 16
VisualStudioVersion = 16.0.33927.289
MinimumVisualStudioVersion = 10.0.40219.1
Project("{2150E333-8FDC-42A3-9474-1A3956D46DE8}") = "Task0", "Task0", "{999BC256-8B88-4B42-9742-5C21F4BD32F6}"
EndProject
Project("{FAE04EC0-301F-11D3-BF4B-00C04F79EFBC}") = "Tyuiu.AshirbakievAR.Sprint5.Task0.V27", "Tyuiu.AshirbakievAR.Sprint5.Task0.V27\Tyuiu.AshirbakievAR.Sprint5.Task0.V27.csproj", "{D2FBDA4A-9B2D-4F10-AED2-B696E9D2A2B5}"
EndProject
Project("{FAE04EC0-301F-11D3-BF4B-00C04F79EFBC}") = "Tyuiu.AshirbakievAR.Sprint5.Task0.V27.Lib", "Tyuiu.AshirbakievAR.Sprint5.Task0.V27.Lib\Tyuiu.AshirbakievAR.Sprint5.Task0.V27.Lib.csproj", "{65CE8C9C-BB23-4CB1-9948-E2CFD1B59851}"
EndProject
Project("{FAE04EC0-301F-11D3-BF4B-00C04F79EFBC}") = "Tyuiu.AshirbakievAR.Sprint5.Task0.V27.Test", "Tyuiu.AshirbakievAR.Sprint5.Task0.V27.Test\Tyuiu.AshirbakievAR.Sprint5.Task0.V27.Test.csproj", "{BE025D26-1F72-47E3-BDE0-C859732DB6B5}"
EndProject
Project("{2150E333-8FDC-42A3-9474-1A3956D46DE8}") = "Task1", "Task1", "{6A20D5E4-2D39-4DBA-88D7-423B9105E825}"
EndProject
Project("{FAE04EC0-301F-11D3-BF4B-00C04F79EFBC}") = "Tyuiu.AshirbakievAR.Sprint5.Task1.V11", "Tyuiu.AshirbakievAR.Sprint5.Task1.V11\Tyuiu.AshirbakievAR.Sprint5.Task1.V11.csproj", "{880ADA0B-0FAF-415B-93D8-880E54F094E8}"
EndProject
Project("{FAE04EC0-301F-11D3-BF4B-00C04F79EFBC}") = "Tyuiu.AshirbakievAR.Sprint5.Task1.V11.Lib", "Tyuiu.AshirbakievAR.Sprint5.Task1.V11.Lib\Tyuiu.AshirbakievAR.Sprint5.Task1.V11.Lib.csproj", "{878AC6AC-0BC7-4F0F-A217-98E101F9DEF4}"
EndProject
Project("{FAE04EC0-301F-11D3-BF4B-00C04F79EFBC}") = "Tyuiu.AshirbakievAR.Sprint5.Task1.V11.Test", "Tyuiu.AshirbakievAR.Sprint5.Task1.V11.Test\Tyuiu.AshirbakievAR.Sprint5.Task1.V11.Test.csproj", "{349A2D00-06D2-42CB-AC0A-6F6097D10F93}"
EndProject
Project("{2150E333-8FDC-42A3-9474-1A3956D46DE8}") = "Task2", "Task2", "{0C456DA7-D327-4DC6-90FE-4878BB32B2D5}"
EndProject
Project("{FAE04EC0-301F-11D3-BF4B-00C04F79EFBC}") = "Tyuiu.AshirbakievAR.Sprint5.Task2.V15", "Tyuiu.AshirbakievAR.Sprint5.Task2.V15\Tyuiu.AshirbakievAR.Sprint5.Task2.V15.csproj", "{901B1DA6-19BE-4B64-8F68-85D1CB3D353E}"
EndProject
Project("{FAE04EC0-301F-11D3-BF4B-00C04F79EFBC}") = "Tyuiu.AshirbakievAR.Sprint5.Task2.V15.Lib", "Tyuiu.AshirbakievAR.Sprint5.Task2.V15.Lib\Tyuiu.AshirbakievAR.Sprint5.Task2.V15.Lib.csproj", "{A3F26A25-18C1-4D9F-B92A-B6FB56D84BA0}"
EndProject
Project("{FAE04EC0-301F-11D3-BF4B-00C04F79EFBC}") = "Tyuiu.AshirbakievAR.Sprint5.Task2.V15.Test", "Tyuiu.AshirbakievAR.Sprint5.Task2.V15.Test\Tyuiu.AshirbakievAR.Sprint5.Task2.V15.Test.csproj", "{4BEA6524-7E36-4A02-A690-4F488D86D39F}"
EndProject
Project("{2150E333-8FDC-42A3-9474-1A3956D46DE8}") = "Task3", "Task3", "{4E3A964F-5255-4094-92C0-6F8D73B7A31C}"
EndProject
Project("{FAE04EC0-301F-11D3-BF4B-00C04F79EFBC}") = "Tyuiu.AshirbakievAR.Sprint5.Task3.V20", "Tyuiu.AshirbakievAR.Sprint5.Task3.V20\Tyuiu.AshirbakievAR.Sprint5.Task3.V20.csproj", "{5B45D8E5-CCAA-4432-8705-4254413A7F98}"
EndProject
Project("{FAE04EC0-301F-11D3-BF4B-00C04F79EFBC}") = "Tyuiu.AshirbakievAR.Sprint5.Task3.V20.Lib", "Tyuiu.AshirbakievAR.Sprint5.Task3.V20.Lib\Tyuiu.AshirbakievAR.Sprint5.Task3.V20.Lib.csproj", "{63E70A4F-2E1F-4EAC-B632-2FA71EDC4FB7}"
EndProject
Project("{FAE04EC0-301F-11D3-BF4B-00C04F79EFBC}") = "Tyuiu.AshirbakievAR.Sprint5.Task3.V20.Test", "Tyuiu.AshirbakievAR.Sprint5.Task3.V20.Test\Tyuiu.AshirbakievAR.Sprint5.Task3.V20.Test.csproj", "{769B1688-5A81-4221-B360-CD86A7C57994}"
EndProject
Project("{2150E333-8FDC-42A3-9474-1A3956D46DE8}") = "Task4", "Task4", "{AFF21875-059F-442B-A28A-0AEC0BC61B95}"
EndProject
Project("{FAE04EC0-301F-11D3-BF4B-00C04F79EFBC}") = "Tyuiu.AshirbakievAR.Sprint5.Task4.V25", "Tyuiu.AshirbakievAR.Sprint5.Task4.V25\Tyuiu.AshirbakievAR.Sprint5.Task4.V25.csproj", "{FEEB7A69-368F-4B17-A6D0-705CDD37A779}"
EndProject
Project("{FAE04EC0-301F-11D3-BF4B-00C04F79EFBC}") = "Tyuiu.AshirbakievAR.Sprint5.Task4.V25.Lib", "Tyuiu.AshirbakievAR.Sprint5.Task4.V25.Lib\Tyuiu.AshirbakievAR.Sprint5.Task4.V25.Lib.csproj", "{8319B7C4-B69A-4402-9EAC-36FC1A6A9840}"
EndProject
Project("{FAE04EC0-301F-11D3-BF4B-00C04F79EFBC}") = "Tyuiu.AshirbakievAR.Sprint5.Task4.V25.Test", "Tyuiu.AshirbakievAR.Sprint5.Task4.V25.Test\Tyuiu.AshirbakievAR.Sprint5.Task4.V25.Test.csproj", "{362F7CD9-6724-45B5-8B75-1B72F1ABADEE}"
EndProject
Global
	GlobalSection(SolutionConfigurationPlatforms) = preSolution
		Debug|Any CPU = Debug|Any CPU
		Release|Any CPU = Release|Any CPU
	EndGlobalSection
	GlobalSection(ProjectConfigurationPlatforms) = postSolution
		{D2FBDA4A-9B2D-4F10-AED2-B696E9D2A2B5}.Debug|Any CPU.ActiveCfg = Debug|Any CPU
		{D2FBDA4A-9B2D-4F10-AED2-B696E9D2A2B5}.Debug|Any CPU.Build.0 = Debug|Any CPU
		{D2FBDA4A-9B2D-4F10-AED2-B696E9D2A2B5}.Release|Any CPU.ActiveCfg = Release|Any CPU
		{D2FBDA4A-9B2D-4F10-AED2-B696E9D2A2B5}.Release|Any CPU.Build.0 = Release|Any CPU
		{65CE8C9C-BB23-4CB1-9948-E2CFD1B59851}.Debug|Any CPU.ActiveCfg = Debug|Any CPU
		{65CE8C9C-BB23-4CB1-9948-E2CFD1B59851}.Debug|Any CPU.Build.0 = Debug|Any CPU
		{65CE8C9C-BB23-4CB1-9948-E2CFD1B59851}.Release|Any CPU.ActiveCfg = Release|Any CPU
		{65CE8C9C-BB23-4CB1-9948-E2CFD1B59851}.Release|Any CPU.Build.0 = Release|Any CPU
		{BE025D26-1F72-47E3-BDE0-C859732DB6B5}.Debug|Any CPU.ActiveCfg = Debug|Any CPU
		{BE025D26-1F72-47E3-BDE0-C859732DB6B5}.Debug|Any CPU.Build.0 = Debug|Any CPU
		{BE025D26-1F72-47E3-BDE0-C859732DB6B5}.Release|Any CPU.ActiveCfg = Release|Any CPU
		{BE025D26-1F72-47E3-BDE0-C859732DB6B5}.Release|Any CPU.Build.0 = Release|Any CPU
		{880ADA0B-0FAF-415B-93D8-880E54F094E8}.Debug|Any CPU.ActiveCfg = Debug|Any CPU
		{880ADA0B-0FAF-415B-93D8-880E54F094E8}.Debug|Any CPU.Build.0 = Debug|Any CPU
		{880ADA0B-0FAF-415B-93D8-880E54F094E8}.Release|Any CPU.ActiveCfg = Release|Any CPU
		{880ADA0B-0FAF-415B-93D8-880E54F094E8}.Release|Any CPU.Build.0 = Release|Any CPU
		{878AC6AC-0BC7-4F0F-A217-98E101F9DEF4}.Debug|Any CPU.ActiveCfg = Debug|Any CPU
		{878AC6AC-0BC7-4F0F-A217-98E101F9DEF4}.Debug|Any CPU.Build.0 = Debug|Any CPU
		{878AC6AC-0BC7-4F0F-A217-98E101F9DEF4}.Release|Any CPU.ActiveCfg = Release|Any CPU
		{878AC6AC-0BC7-4F0F-A217-98E101F9DEF4}.Release|Any CPU.Build.0 = Release|Any CPU
		{349A2D00-06D2-42CB-AC0A-6F6097D10F93}.Debug|Any CPU.ActiveCfg = Debug|Any CPU
		{349A2D00-06D2-42CB-AC0A-6F6097D10F93}.Debug|Any CPU.Build.0 = Debug|Any CPU
		{349A2D00-06D2-42CB-AC0A-6F6097D10F93}.Release|Any CPU.ActiveCfg = Release|Any CPU
		{349A2D00-06D2-42CB-AC0A-6F6097D10F93}.Release|Any CPU.Build.0 = Release|Any CPU
		{901B1DA6-19BE-4B64-8F68-85D1CB3D353E}.Debug|Any CPU.ActiveCfg = Debug|Any CPU
		{901B1DA6-19BE-4B64-8F68-85D1CB3D353E}.Debug|Any CPU.Build.0 = Debug|Any CPU
		{901B1DA6-19BE-4B64-8F68-85D1CB3D353E}.Release|Any CPU.ActiveCfg = Release|Any CPU
		{901B1DA6-19BE-4B64-8F68-85D1CB3D353E}.Release|Any CPU.Build.0 = Release|Any CPU
		{A3F26A25-18C1-4D9F-B92A-B6FB56D84BA0}.Debug|Any CPU.ActiveCfg = Debug|Any CPU
		{A3F26A25-18C1-4D9F-B92A-B6FB56D84BA0}.Debug|Any CPU.Build.0 = Debug|Any CPU
		{A3F26A25-18C1-4D9F-B92A-B6FB56D84BA0}.Release|Any CPU.ActiveCfg = Release|Any CPU
		{A3F26A25-18C1-4D9F-B92A-B6FB56D84BA0}.Release|Any CPU.Build.0 = Release|Any CPU
		{4BEA6524-7E36-4A02-A690-4F488D86D39F}.Debug|Any CPU.ActiveCfg = Debug|Any CPU
		{4BEA6524-7E36-4A02-A690-4F488D86D39F}.Debug|Any CPU.Build.0 = Debug|Any CPU
		{4BEA6524-7E36-4A02-A690-4F488D86D39F}.Release|Any CPU.ActiveCfg = Release|Any CPU
		{4BEA6524-7E36-4A02-A690-4F488D86D39F}.Release|Any CPU.Build.0 = Release|Any CPU
		{5B45D8E5-CCAA-4432-8705-4254413A7F98}.Debug|Any CPU.ActiveCfg = Debug|Any CPU
		{5B45D8E5-CCAA-4432-8705-4254413A7F98}.Debug|Any CPU.Build.0 = Debug|Any CPU
		{5B45D8E5-CCAA-4432-8705-4254413A7F98}.Release|Any CPU.ActiveCfg = Release|Any CPU
		{5B45D8E5-CCAA-4432-8705-4254413A7F98}.Release|Any CPU.Build.0 = Release|Any CPU
		{63E70A4F-2E1F-4EAC-B632-2FA71EDC4FB7}.Debug|Any CPU.ActiveCfg = Debug|Any CPU
		{63E70A4F-2E1F-4EAC-B632-2FA71EDC4FB7}.Debug|Any CPU.Build.0 = Debug|Any CPU
		{63E70A4F-2E1F-4EAC-B632-2FA71EDC4FB7}.Release|Any CPU.ActiveCfg = Release|Any CPU
		{63E70A4F-2E1F-4EAC-B632-2FA71EDC4FB7}.Release|Any CPU.Build.0 = Release|Any CPU
		{769B1688-5A81-4221-B360-CD86A7C57994}.Debug|Any CPU.ActiveCfg = Debug|Any CPU
		{769B1688-5A81-4221-B360-CD86A7C57994}.Debug|Any CPU.Build.0 = Debug|Any CPU
		{769B1688-5A81-4221-B360-CD86A7C57994}.Release|Any CPU.ActiveCfg = Release|Any CPU
		{769B1688-5A81-4221-B360-CD86A7C57994}.Release|Any CPU.Build.0 = Release|Any CPU
		{FEEB7A69-368F-4B17-A6D0-705CDD37A779}.Debug|Any CPU.ActiveCfg = Debug|Any CPU
		{FEEB7A69-368F-4B17-A6D0-705CDD37A779}.Debug|Any CPU.Build.0 = Debug|Any CPU
		{FEEB7A69-368F-4B17-A6D0-705CDD37A779}.Release|Any CPU.ActiveCfg = Release|Any CPU
		{FEEB7A69-368F-4B17-A6D0-705CDD37A779}.Release|Any CPU.Build.0 = Release|Any CPU
		{8319B7C4-B69A-4402-9EAC-36FC1A6A9840}.Debug|Any CPU.ActiveCfg = Debug|Any CPU
		{8319B7C4-B69A-4402-9EAC-36FC1A6A9840}.Debug|Any CPU.Build.0 = Debug|Any CPU
		{8319B7C4-B69A-4402-9EAC-36FC1A6A9840}.Release|Any CPU.ActiveCfg = Release|Any CPU
		{8319B7C4-B69A-4402-9EAC-36FC1A6A9840}.Release|Any CPU.Build.0 = Release|Any CPU
		{362F7CD9-6724-45B5-8B75-1B72F1ABADEE}.Debug|Any CPU.ActiveCfg = Debug|Any CPU
		{362F7CD9-6724-45B5-8B75-1B72F1ABADEE}.Debug|Any CPU.Build.0 = Debug|Any CPU
		{362F7CD9-6724-45B5-8B75-1B72F1ABADEE}.Release|Any CPU.ActiveCfg = Release|Any CPU
		{362F7CD9-6724-45B5-8B75-1B72F1ABADEE}.Release|Any CPU.Build.0 = Release|Any CPU
	EndGlobalSection
	GlobalSection(SolutionProperties) = preSolution
		HideSolutionNode = FALSE
	EndGlobalSection
	GlobalSection(NestedProjects) = preSolution
		{D2FBDA4A-9B2D-4F10-AED2-B696E9D2A2B5} = {999BC256-8B88-4B42-9742-5C21F4BD32F6}
		{65CE8C9C-BB23-4CB1-9948-E2CFD1B59851} = {999BC256-8B88-4B42-9742-5C21F4BD32F6}
		{BE025D26-1F72-47E3-BDE0-C859732DB6B5} = {999BC256-8B88-4B42-9742-5C21F4BD32F6}
		{880ADA0B-0FAF-415B-93D8-880E54F094E8} = {6A20D5E4-2D39-4DBA-88D7-423B9105E825}
		{878AC6AC-0BC7-4F0F-A217-98E101F9DEF4} = {6A20D5E4-2D39-4DBA-88D7-423B9105E825}
		{349A2D00-06D2-42CB-AC0A-6F6097D10F93} = {6A20D5E4-2D39-4DBA-88D7-423B9105E825}
		{901B1DA6-19BE-4B64-8F68-85D1CB3D353E} = {0C456DA7-D327-4DC6-90FE-4878BB32B2D5}
		{A3F26A25-18C1-4D9F-B92A-B6FB56D84BA0} = {0C456DA7-D327-4DC6-90FE-4878BB32B2D5}
		{4BEA6524-7E36-4A02-A690-4F488D86D39F} = {0C456DA7-D327-4DC6-90FE-4878BB32B2D5}
		{5B45D8E5-CCAA-4432-8705-4254413A7F98} = {4E3A964F-5255-4094-92C0-6F8D73B7A31C}
		{63E70A4F-2E1F-4EAC-B632-2FA71EDC4FB7} = {4E3A964F-5255-4094-92C0-6F8D73B7A31C}
		{769B1688-5A81-4221-B360-CD86A7C57994} = {4E3A964F-5255-4094-92C0-6F8D73B7A31C}
		{FEEB7A69-368F-4B17-A6D0-705CDD37A779} = {AFF21875-059F-442B-A28A-0AEC0BC61B95}
		{8319B7C4-B69A-4402-9EAC-36FC1A6A9840} = {AFF21875-059F-442B-A28A-0AEC0BC61B95}
		{362F7CD9-6724-45B5-8B75-1B72F1ABADEE} = {AFF21875-059F-442B-A28A-0AEC0BC61B95}
	EndGlobalSection
	GlobalSection(ExtensibilityGlobals) = postSolution
		SolutionGuid = {B9E24580-A291-4FBD-8685-B946DC39121B}
	EndGlobalSection
EndGlobal
