
Microsoft Visual Studio Solution File, Format Version 12.00
# Visual Studio Version 16
VisualStudioVersion = 16.0.33927.289
MinimumVisualStudioVersion = 10.0.40219.1
Project("{2150E333-8FDC-42A3-9474-1A3956D46DE8}") = "Task0", "Task0", "{999BC256-8B88-4B42-9742-5C21F4BD32F6}"
EndProject
Project("{FAE04EC0-301F-11D3-BF4B-00C04F79EFBC}") = "Tyuiu.AshirbakievAR.Sprint5.Task0.V27", "Tyuiu.AshirbakievAR.Sprint5.Task0.V27\Tyuiu.AshirbakievAR.Sprint5.Task0.V27.csproj", "{D2FBDA4A-9B2D-4F10-AED2-B696E9D2A2B5}"
EndProject
Project("{FAE04EC0-301F-11D3-BF4B-00C04F79EFBC}") = "Tyuiu.AshirbakievAR.Sprint5.Task0.V27.Lib", "Tyuiu.AshirbakievAR.Sprint5.Task0.V27.Lib\Tyuiu.AshirbakievAR.Sprint5.Task0.V27.Lib.csproj", "{65CE8C9C-BB23-4CB1-9948-E2CFD1B59851}"
EndProject
Project("{FAE04EC0-301F-11D3-BF4B-00C04F79EFBC}") = "Tyuiu.AshirbakievAR.Sprint5.Task0.V27.Test", "Tyuiu.AshirbakievAR.Sprint5.Task0.V27.Test\Tyuiu.AshirbakievAR.Sprint5.Task0.V27.Test.csproj", "{BE025D26-1F72-47E3-BDE0-C859732DB6B5}"
EndProject
Global
	GlobalSection(SolutionConfigurationPlatforms) = preSolution
		Debug|Any CPU = Debug|Any CPU
		Release|Any CPU = Release|Any CPU
	EndGlobalSection
	GlobalSection(ProjectConfigurationPlatforms) = postSolution
		{D2FBDA4A-9B2D-4F10-AED2-B696E9D2A2B5}.Debug|Any CPU.ActiveCfg = Debug|Any CPU
		{D2FBDA4A-9B2D-4F10-AED2-B696E9D2A2B5}.Debug|Any CPU.Build.0 = Debug|Any CPU
		{D2FBDA4A-9B2D-4F10-AED2-B696E9D2A2B5}.Release|Any CPU.ActiveCfg = Release|Any CPU
		{D2FBDA4A-9B2D-4F10-AED2-B696E9D2A2B5}.Release|Any CPU.Build.0 = Release|Any CPU
		{65CE8C9C-BB23-4CB1-9948-E2CFD1B59851}.Debug|Any CPU.ActiveCfg = Debug|Any CPU
		{65CE8C9C-BB23-4CB1-9948-E2CFD1B59851}.Debug|Any CPU.Build.0 = Debug|Any CPU
		{65CE8C9C-BB23-4CB1-9948-E2CFD1B59851}.Release|Any CPU.ActiveCfg = Release|Any CPU
		{65CE8C9C-BB23-4CB1-9948-E2CFD1B59851}.Release|Any CPU.Build.0 = Release|Any CPU
		{BE025D26-1F72-47E3-BDE0-C859732DB6B5}.Debug|Any CPU.ActiveCfg = Debug|Any CPU
		{BE025D26-1F72-47E3-BDE0-C859732DB6B5}.Debug|Any CPU.Build.0 = Debug|Any CPU
		{BE025D26-1F72-47E3-BDE0-C859732DB6B5}.Release|Any CPU.ActiveCfg = Release|Any CPU
		{BE025D26-1F72-47E3-BDE0-C859732DB6B5}.Release|Any CPU.Build.0 = Release|Any CPU
	EndGlobalSection
	GlobalSection(SolutionProperties) = preSolution
		HideSolutionNode = FALSE
	EndGlobalSection
	GlobalSection(NestedProjects) = preSolution
		{D2FBDA4A-9B2D-4F10-AED2-B696E9D2A2B5} = {999BC256-8B88-4B42-9742-5C21F4BD32F6}
		{65CE8C9C-BB23-4CB1-9948-E2CFD1B59851} = {999BC256-8B88-4B42-9742-5C21F4BD32F6}
		{BE025D26-1F72-47E3-BDE0-C859732DB6B5} = {999BC256-8B88-4B42-9742-5C21F4BD32F6}
	EndGlobalSection
	GlobalSection(ExtensibilityGlobals) = postSolution
		SolutionGuid = {B9E24580-A291-4FBD-8685-B946DC39121B}
	EndGlobalSection
EndGlobal
